
Microsoft Visual Studio Solution File, Format Version 12.00
# Visual Studio 14
VisualStudioVersion = 14.0.25420.1
MinimumVisualStudioVersion = 10.0.40219.1
Project("{151D2E53-A2C4-4D7D-83FE-D05416EBD58E}") = "SportsStoreWeb", "SportsStoreWeb\SportsStoreWeb.deployproj", "{507987D7-B4D0-4D00-AA0A-F35509BA13EF}"
EndProject
Global
	GlobalSection(SolutionConfigurationPlatforms) = preSolution
		Debug|Any CPU = Debug|Any CPU
		Release|Any CPU = Release|Any CPU
	EndGlobalSection
	GlobalSection(ProjectConfigurationPlatforms) = postSolution
		{507987D7-B4D0-4D00-AA0A-F35509BA13EF}.Debug|Any CPU.ActiveCfg = Debug|Any CPU
		{507987D7-B4D0-4D00-AA0A-F35509BA13EF}.Debug|Any CPU.Build.0 = Debug|Any CPU
		{507987D7-B4D0-4D00-AA0A-F35509BA13EF}.Release|Any CPU.ActiveCfg = Release|Any CPU
		{507987D7-B4D0-4D00-AA0A-F35509BA13EF}.Release|Any CPU.Build.0 = Release|Any CPU
	EndGlobalSection
	GlobalSection(SolutionProperties) = preSolution
		HideSolutionNode = FALSE
	EndGlobalSection
EndGlobal
